
Microsoft Visual Studio Solution File, Format Version 12.00
# Visual Studio Version 16
VisualStudioVersion = 16.0.31911.196
MinimumVisualStudioVersion = 10.0.40219.1
Project("{9A19103F-16F7-4668-BE54-9A1E7A4F7556}") = "CSharpOdevler", "CSharpOdevler\CSharpOdevler.csproj", "{E31668A5-3509-4AF6-8F16-05F633B0EEDE}"
EndProject
Project("{9A19103F-16F7-4668-BE54-9A1E7A4F7556}") = "ReferenceTypes", "ReferenceTypes\ReferenceTypes.csproj", "{063A22A6-6A37-4A32-9C4D-8DF722B2E593}"
EndProject
Project("{9A19103F-16F7-4668-BE54-9A1E7A4F7556}") = "Constructors", "Constructors\Constructors.csproj", "{C8C6AF16-E81A-4D41-B598-B2E4B5129877}"
EndProject
Project("{9A19103F-16F7-4668-BE54-9A1E7A4F7556}") = "Generics", "Generics\Generics.csproj", "{DFEB02EA-C814-4D33-B876-CE440A4D2711}"
EndProject
Project("{9A19103F-16F7-4668-BE54-9A1E7A4F7556}") = "MyDictionary", "MyDictionary\MyDictionary.csproj", "{9B5A7FEF-ADF0-4F79-BFD4-23887E1E6245}"
EndProject
Project("{9A19103F-16F7-4668-BE54-9A1E7A4F7556}") = "Classes", "5.GunOdev1\Classes.csproj", "{A80471E5-DCB4-48C0-9BBB-4903541E6BF6}"
EndProject
Project("{FAE04EC0-301F-11D3-BF4B-00C04F79EFBC}") = "RecapDemo1", "RecapDemo1\RecapDemo1.csproj", "{4E72F7B7-9AAC-4502-9E11-968DBA318727}"
EndProject
Project("{FAE04EC0-301F-11D3-BF4B-00C04F79EFBC}") = "Interfaces", "Interfaces\Interfaces.csproj", "{5F22E3F4-1F91-47F0-B667-9501EAB8D925}"
EndProject
Project("{FAE04EC0-301F-11D3-BF4B-00C04F79EFBC}") = "InterfacesDemo", "InterfacesDemo\InterfacesDemo.csproj", "{4D6A3BC7-96BF-4729-A56A-A88B251DC273}"
EndProject
Project("{FAE04EC0-301F-11D3-BF4B-00C04F79EFBC}") = "Inheritance", "Inheritance\Inheritance.csproj", "{DD12C1BA-AFC6-495F-AADA-F121E98CCECA}"
EndProject
Project("{FAE04EC0-301F-11D3-BF4B-00C04F79EFBC}") = "Interfaces2", "Interfaces2\Interfaces2.csproj", "{B69EDDAF-84BC-40A5-9506-B5AE0566D886}"
EndProject
Project("{FAE04EC0-301F-11D3-BF4B-00C04F79EFBC}") = "InterfaceAbstractDemo", "InterfaceAbstractDemo\InterfaceAbstractDemo.csproj", "{5BB5E6C5-6F19-4D18-9EC7-455AE94D17C3}"
EndProject
Project("{FAE04EC0-301F-11D3-BF4B-00C04F79EFBC}") = "AbstractClasses", "AbstractClasses\AbstractClasses.csproj", "{CC85A11E-6E69-48C6-9307-E9B5CCFBBF98}"
EndProject
Project("{FAE04EC0-301F-11D3-BF4B-00C04F79EFBC}") = "GameProject", "GameProject\GameProject.csproj", "{0C903F00-A894-49D5-A4F7-EDABBEC51C85}"
EndProject
Global
	GlobalSection(SolutionConfigurationPlatforms) = preSolution
		Debug|Any CPU = Debug|Any CPU
		Release|Any CPU = Release|Any CPU
	EndGlobalSection
	GlobalSection(ProjectConfigurationPlatforms) = postSolution
		{E31668A5-3509-4AF6-8F16-05F633B0EEDE}.Debug|Any CPU.ActiveCfg = Debug|Any CPU
		{E31668A5-3509-4AF6-8F16-05F633B0EEDE}.Debug|Any CPU.Build.0 = Debug|Any CPU
		{E31668A5-3509-4AF6-8F16-05F633B0EEDE}.Release|Any CPU.ActiveCfg = Release|Any CPU
		{E31668A5-3509-4AF6-8F16-05F633B0EEDE}.Release|Any CPU.Build.0 = Release|Any CPU
		{063A22A6-6A37-4A32-9C4D-8DF722B2E593}.Debug|Any CPU.ActiveCfg = Debug|Any CPU
		{063A22A6-6A37-4A32-9C4D-8DF722B2E593}.Debug|Any CPU.Build.0 = Debug|Any CPU
		{063A22A6-6A37-4A32-9C4D-8DF722B2E593}.Release|Any CPU.ActiveCfg = Release|Any CPU
		{063A22A6-6A37-4A32-9C4D-8DF722B2E593}.Release|Any CPU.Build.0 = Release|Any CPU
		{C8C6AF16-E81A-4D41-B598-B2E4B5129877}.Debug|Any CPU.ActiveCfg = Debug|Any CPU
		{C8C6AF16-E81A-4D41-B598-B2E4B5129877}.Debug|Any CPU.Build.0 = Debug|Any CPU
		{C8C6AF16-E81A-4D41-B598-B2E4B5129877}.Release|Any CPU.ActiveCfg = Release|Any CPU
		{C8C6AF16-E81A-4D41-B598-B2E4B5129877}.Release|Any CPU.Build.0 = Release|Any CPU
		{DFEB02EA-C814-4D33-B876-CE440A4D2711}.Debug|Any CPU.ActiveCfg = Debug|Any CPU
		{DFEB02EA-C814-4D33-B876-CE440A4D2711}.Debug|Any CPU.Build.0 = Debug|Any CPU
		{DFEB02EA-C814-4D33-B876-CE440A4D2711}.Release|Any CPU.ActiveCfg = Release|Any CPU
		{DFEB02EA-C814-4D33-B876-CE440A4D2711}.Release|Any CPU.Build.0 = Release|Any CPU
		{9B5A7FEF-ADF0-4F79-BFD4-23887E1E6245}.Debug|Any CPU.ActiveCfg = Debug|Any CPU
		{9B5A7FEF-ADF0-4F79-BFD4-23887E1E6245}.Debug|Any CPU.Build.0 = Debug|Any CPU
		{9B5A7FEF-ADF0-4F79-BFD4-23887E1E6245}.Release|Any CPU.ActiveCfg = Release|Any CPU
		{9B5A7FEF-ADF0-4F79-BFD4-23887E1E6245}.Release|Any CPU.Build.0 = Release|Any CPU
		{A80471E5-DCB4-48C0-9BBB-4903541E6BF6}.Debug|Any CPU.ActiveCfg = Debug|Any CPU
		{A80471E5-DCB4-48C0-9BBB-4903541E6BF6}.Debug|Any CPU.Build.0 = Debug|Any CPU
		{A80471E5-DCB4-48C0-9BBB-4903541E6BF6}.Release|Any CPU.ActiveCfg = Release|Any CPU
		{A80471E5-DCB4-48C0-9BBB-4903541E6BF6}.Release|Any CPU.Build.0 = Release|Any CPU
		{4E72F7B7-9AAC-4502-9E11-968DBA318727}.Debug|Any CPU.ActiveCfg = Debug|Any CPU
		{4E72F7B7-9AAC-4502-9E11-968DBA318727}.Debug|Any CPU.Build.0 = Debug|Any CPU
		{4E72F7B7-9AAC-4502-9E11-968DBA318727}.Release|Any CPU.ActiveCfg = Release|Any CPU
		{4E72F7B7-9AAC-4502-9E11-968DBA318727}.Release|Any CPU.Build.0 = Release|Any CPU
		{5F22E3F4-1F91-47F0-B667-9501EAB8D925}.Debug|Any CPU.ActiveCfg = Debug|Any CPU
		{5F22E3F4-1F91-47F0-B667-9501EAB8D925}.Debug|Any CPU.Build.0 = Debug|Any CPU
		{5F22E3F4-1F91-47F0-B667-9501EAB8D925}.Release|Any CPU.ActiveCfg = Release|Any CPU
		{5F22E3F4-1F91-47F0-B667-9501EAB8D925}.Release|Any CPU.Build.0 = Release|Any CPU
		{4D6A3BC7-96BF-4729-A56A-A88B251DC273}.Debug|Any CPU.ActiveCfg = Debug|Any CPU
		{4D6A3BC7-96BF-4729-A56A-A88B251DC273}.Debug|Any CPU.Build.0 = Debug|Any CPU
		{4D6A3BC7-96BF-4729-A56A-A88B251DC273}.Release|Any CPU.ActiveCfg = Release|Any CPU
		{4D6A3BC7-96BF-4729-A56A-A88B251DC273}.Release|Any CPU.Build.0 = Release|Any CPU
		{DD12C1BA-AFC6-495F-AADA-F121E98CCECA}.Debug|Any CPU.ActiveCfg = Debug|Any CPU
		{DD12C1BA-AFC6-495F-AADA-F121E98CCECA}.Debug|Any CPU.Build.0 = Debug|Any CPU
		{DD12C1BA-AFC6-495F-AADA-F121E98CCECA}.Release|Any CPU.ActiveCfg = Release|Any CPU
		{DD12C1BA-AFC6-495F-AADA-F121E98CCECA}.Release|Any CPU.Build.0 = Release|Any CPU
		{B69EDDAF-84BC-40A5-9506-B5AE0566D886}.Debug|Any CPU.ActiveCfg = Debug|Any CPU
		{B69EDDAF-84BC-40A5-9506-B5AE0566D886}.Debug|Any CPU.Build.0 = Debug|Any CPU
		{B69EDDAF-84BC-40A5-9506-B5AE0566D886}.Release|Any CPU.ActiveCfg = Release|Any CPU
		{B69EDDAF-84BC-40A5-9506-B5AE0566D886}.Release|Any CPU.Build.0 = Release|Any CPU
		{5BB5E6C5-6F19-4D18-9EC7-455AE94D17C3}.Debug|Any CPU.ActiveCfg = Debug|Any CPU
		{5BB5E6C5-6F19-4D18-9EC7-455AE94D17C3}.Debug|Any CPU.Build.0 = Debug|Any CPU
		{5BB5E6C5-6F19-4D18-9EC7-455AE94D17C3}.Release|Any CPU.ActiveCfg = Release|Any CPU
		{5BB5E6C5-6F19-4D18-9EC7-455AE94D17C3}.Release|Any CPU.Build.0 = Release|Any CPU
		{CC85A11E-6E69-48C6-9307-E9B5CCFBBF98}.Debug|Any CPU.ActiveCfg = Debug|Any CPU
		{CC85A11E-6E69-48C6-9307-E9B5CCFBBF98}.Debug|Any CPU.Build.0 = Debug|Any CPU
		{CC85A11E-6E69-48C6-9307-E9B5CCFBBF98}.Release|Any CPU.ActiveCfg = Release|Any CPU
		{CC85A11E-6E69-48C6-9307-E9B5CCFBBF98}.Release|Any CPU.Build.0 = Release|Any CPU
		{0C903F00-A894-49D5-A4F7-EDABBEC51C85}.Debug|Any CPU.ActiveCfg = Debug|Any CPU
		{0C903F00-A894-49D5-A4F7-EDABBEC51C85}.Debug|Any CPU.Build.0 = Debug|Any CPU
		{0C903F00-A894-49D5-A4F7-EDABBEC51C85}.Release|Any CPU.ActiveCfg = Release|Any CPU
		{0C903F00-A894-49D5-A4F7-EDABBEC51C85}.Release|Any CPU.Build.0 = Release|Any CPU
	EndGlobalSection
	GlobalSection(SolutionProperties) = preSolution
		HideSolutionNode = FALSE
	EndGlobalSection
	GlobalSection(ExtensibilityGlobals) = postSolution
		SolutionGuid = {93EAFA9C-8815-469C-B7A4-12839DC1DDA0}
	EndGlobalSection
EndGlobal
